<?xml version="1.0" encoding="utf-8"?>
<Project ToolsVersion="4.0" xmlns="http://schemas.microsoft.com/developer/msbuild/2003">
  <ItemGroup>
    <Filter Include="nanosvg">
      <UniqueIdentifier>{537f7fd4-9ff3-4480-95a3-8fb803705cd7}</UniqueIdentifier>
    </Filter>
    <Filter Include="headers">
      <UniqueIdentifier>{93995380-89BD-4b04-88EB-625FBE52EBFB}</UniqueIdentifier>
      <Extensions>h;hpp;hxx;hm;inl;inc;xsd</Extensions>
    </Filter>
    <Filter Include="sources">
      <UniqueIdentifier>{4FC737F1-C7A5-4376-A066-2A32D752A2FF}</UniqueIdentifier>
      <Extensions>cpp;c;cc;cxx;def;odl;idl;hpj;bat;asm;asmx</Extensions>
    </Filter>
  </ItemGroup>
  <ItemGroup>
    <ClInclude Include="stdafx.h">
      <Filter>headers</Filter>
    </ClInclude>
    <ClInclude Include="targetver.h">
      <Filter>headers</Filter>
    </ClInclude>
    <ClInclude Include="nanosvg\src\nanosvg.h">
      <Filter>nanosvg</Filter>
    </ClInclude>
    <ClInclude Include="nanosvg\src\nanosvgrast.h">
      <Filter>nanosvg</Filter>
    </ClInclude>
  </ItemGroup>
  <ItemGroup>
    <ClCompile Include="stdafx.cpp">
      <Filter>sources</Filter>
    </ClCompile>
    <ClCompile Include="svg2bzc.cpp">
      <Filter>sources</Filter>
    </ClCompile>
  </ItemGroup>
</Project>